
Microsoft Visual Studio Solution File, Format Version 12.00
# Visual Studio 15
VisualStudioVersion = 15.0.27130.2010
MinimumVisualStudioVersion = 10.0.40219.1
Project("{2150E333-8FDC-42A3-9474-1A3956D46DE8}") = "Solution Items", "Solution Items", "{76FBEEA2-0F88-487E-99C3-5D865CBE79B6}"
	ProjectSection(SolutionItems) = preProject
		.gitignore = .gitignore
		.travis.yml = .travis.yml
		appveyor.yml = appveyor.yml
		build.cake = build.cake
		build.ps1 = build.ps1
		build.sh = build.sh
		.circleci\config.yml = .circleci\config.yml
		MinimumRecommendedRulesWithStyleCop.ruleset = MinimumRecommendedRulesWithStyleCop.ruleset
	EndProjectSection
EndProject
Project("{2150E333-8FDC-42A3-9474-1A3956D46DE8}") = "Source", "Source", "{C5508012-7216-4ABE-AB2F-B166ED5FF94F}"
EndProject
Project("{2150E333-8FDC-42A3-9474-1A3956D46DE8}") = "Tests", "Tests", "{D6E871A8-2DFF-4676-BED8-046B164919B9}"
EndProject
Project("{9A19103F-16F7-4668-BE54-9A1E7A4F7556}") = "ExceptionFinderTool", "Source\ExceptionFinderTool\ExceptionFinderTool.csproj", "{4797AFC9-49E5-4FD5-AEDC-DA954D599507}"
EndProject
Project("{9A19103F-16F7-4668-BE54-9A1E7A4F7556}") = "Serilog.Exceptions", "Source\Serilog.Exceptions\Serilog.Exceptions.csproj", "{D8034654-4A6F-4857-9637-62098FC9267A}"
EndProject
Project("{9A19103F-16F7-4668-BE54-9A1E7A4F7556}") = "Serilog.Exceptions.Test", "Tests\Serilog.Exceptions.Test\Serilog.Exceptions.Test.csproj", "{7C962929-2138-4787-ABA7-94E8D3F9C20C}"
EndProject
Project("{2150E333-8FDC-42A3-9474-1A3956D46DE8}") = "Documents", "Documents", "{D2CAFFAF-CBF6-493A-AA61-4916FE7D586C}"
	ProjectSection(SolutionItems) = preProject
		CONTRIBUTING.md = CONTRIBUTING.md
		LICENSE = LICENSE
		README.md = README.md
	EndProjectSection
EndProject
Project("{9A19103F-16F7-4668-BE54-9A1E7A4F7556}") = "Serilog.Exceptions.SqlServer", "Source\Serilog.Exceptions.SqlServer\Serilog.Exceptions.SqlServer.csproj", "{F5BBB5C1-5920-40F3-8C44-01A54CC3D6B7}"
EndProject
Project("{FAE04EC0-301F-11D3-BF4B-00C04F79EFBC}") = "Serilog.Benchmarks", "Serilog.Benchmarks\Serilog.Benchmarks.csproj", "{D25A5400-9760-4099-967F-B22956D74ACE}"
EndProject
Global
	GlobalSection(SolutionConfigurationPlatforms) = preSolution
		Debug|Any CPU = Debug|Any CPU
		Release|Any CPU = Release|Any CPU
	EndGlobalSection
	GlobalSection(ProjectConfigurationPlatforms) = postSolution
		{4797AFC9-49E5-4FD5-AEDC-DA954D599507}.Debug|Any CPU.ActiveCfg = Debug|Any CPU
		{4797AFC9-49E5-4FD5-AEDC-DA954D599507}.Debug|Any CPU.Build.0 = Debug|Any CPU
		{4797AFC9-49E5-4FD5-AEDC-DA954D599507}.Release|Any CPU.ActiveCfg = Release|Any CPU
		{4797AFC9-49E5-4FD5-AEDC-DA954D599507}.Release|Any CPU.Build.0 = Release|Any CPU
		{D8034654-4A6F-4857-9637-62098FC9267A}.Debug|Any CPU.ActiveCfg = Debug|Any CPU
		{D8034654-4A6F-4857-9637-62098FC9267A}.Debug|Any CPU.Build.0 = Debug|Any CPU
		{D8034654-4A6F-4857-9637-62098FC9267A}.Release|Any CPU.ActiveCfg = Release|Any CPU
		{D8034654-4A6F-4857-9637-62098FC9267A}.Release|Any CPU.Build.0 = Release|Any CPU
		{7C962929-2138-4787-ABA7-94E8D3F9C20C}.Debug|Any CPU.ActiveCfg = Debug|Any CPU
		{7C962929-2138-4787-ABA7-94E8D3F9C20C}.Debug|Any CPU.Build.0 = Debug|Any CPU
		{7C962929-2138-4787-ABA7-94E8D3F9C20C}.Release|Any CPU.ActiveCfg = Release|Any CPU
		{7C962929-2138-4787-ABA7-94E8D3F9C20C}.Release|Any CPU.Build.0 = Release|Any CPU
		{F5BBB5C1-5920-40F3-8C44-01A54CC3D6B7}.Debug|Any CPU.ActiveCfg = Debug|Any CPU
		{F5BBB5C1-5920-40F3-8C44-01A54CC3D6B7}.Debug|Any CPU.Build.0 = Debug|Any CPU
		{F5BBB5C1-5920-40F3-8C44-01A54CC3D6B7}.Release|Any CPU.ActiveCfg = Release|Any CPU
		{F5BBB5C1-5920-40F3-8C44-01A54CC3D6B7}.Release|Any CPU.Build.0 = Release|Any CPU
		{D25A5400-9760-4099-967F-B22956D74ACE}.Debug|Any CPU.ActiveCfg = Debug|Any CPU
		{D25A5400-9760-4099-967F-B22956D74ACE}.Debug|Any CPU.Build.0 = Debug|Any CPU
		{D25A5400-9760-4099-967F-B22956D74ACE}.Release|Any CPU.ActiveCfg = Release|Any CPU
		{D25A5400-9760-4099-967F-B22956D74ACE}.Release|Any CPU.Build.0 = Release|Any CPU
	EndGlobalSection
	GlobalSection(SolutionProperties) = preSolution
		HideSolutionNode = FALSE
	EndGlobalSection
	GlobalSection(NestedProjects) = preSolution
		{4797AFC9-49E5-4FD5-AEDC-DA954D599507} = {C5508012-7216-4ABE-AB2F-B166ED5FF94F}
		{D8034654-4A6F-4857-9637-62098FC9267A} = {C5508012-7216-4ABE-AB2F-B166ED5FF94F}
		{7C962929-2138-4787-ABA7-94E8D3F9C20C} = {D6E871A8-2DFF-4676-BED8-046B164919B9}
		{F5BBB5C1-5920-40F3-8C44-01A54CC3D6B7} = {C5508012-7216-4ABE-AB2F-B166ED5FF94F}
		{D25A5400-9760-4099-967F-B22956D74ACE} = {D6E871A8-2DFF-4676-BED8-046B164919B9}
	EndGlobalSection
	GlobalSection(ExtensibilityGlobals) = postSolution
		SolutionGuid = {BE74AFAC-AC6F-4B80-860F-15C22BEE1A38}
	EndGlobalSection
EndGlobal
