
Microsoft Visual Studio Solution File, Format Version 12.00
# Visual Studio Version 17
VisualStudioVersion = 17.0.31423.177
MinimumVisualStudioVersion = 10.0.40219.1
Project("{2150E333-8FDC-42A3-9474-1A3956D46DE8}") = "Solution Items", "Solution Items", "{76FBEEA2-0F88-487E-99C3-5D865CBE79B6}"
	ProjectSection(SolutionItems) = preProject
		.editorconfig = .editorconfig
		.gitattributes = .gitattributes
		.gitignore = .gitignore
		appveyor.yml = appveyor.yml
		azure-pipelines.yml = azure-pipelines.yml
		build.cake = build.cake
		Directory.Build.props = Directory.Build.props
		Directory.Build.targets = Directory.Build.targets
		dotnet-tools.json = dotnet-tools.json
		global.json = global.json
		Key.snk = Key.snk
	EndProjectSection
EndProject
Project("{2150E333-8FDC-42A3-9474-1A3956D46DE8}") = "Source", "Source", "{C5508012-7216-4ABE-AB2F-B166ED5FF94F}"
	ProjectSection(SolutionItems) = preProject
		Source\Directory.Build.props = Source\Directory.Build.props
	EndProjectSection
EndProject
Project("{2150E333-8FDC-42A3-9474-1A3956D46DE8}") = "Tests", "Tests", "{D6E871A8-2DFF-4676-BED8-046B164919B9}"
	ProjectSection(SolutionItems) = preProject
		Tests\.editorconfig = Tests\.editorconfig
		Tests\Directory.Build.props = Tests\Directory.Build.props
	EndProjectSection
EndProject
Project("{9A19103F-16F7-4668-BE54-9A1E7A4F7556}") = "Serilog.Exceptions", "Source\Serilog.Exceptions\Serilog.Exceptions.csproj", "{D8034654-4A6F-4857-9637-62098FC9267A}"
EndProject
Project("{9A19103F-16F7-4668-BE54-9A1E7A4F7556}") = "Serilog.Exceptions.Test", "Tests\Serilog.Exceptions.Test\Serilog.Exceptions.Test.csproj", "{7C962929-2138-4787-ABA7-94E8D3F9C20C}"
EndProject
Project("{2150E333-8FDC-42A3-9474-1A3956D46DE8}") = "Documentation", "Documentation", "{D2CAFFAF-CBF6-493A-AA61-4916FE7D586C}"
	ProjectSection(SolutionItems) = preProject
		LICENSE.md = LICENSE.md
		README.md = README.md
	EndProjectSection
EndProject
Project("{9A19103F-16F7-4668-BE54-9A1E7A4F7556}") = "Serilog.Exceptions.SqlServer", "Source\Serilog.Exceptions.SqlServer\Serilog.Exceptions.SqlServer.csproj", "{F5BBB5C1-5920-40F3-8C44-01A54CC3D6B7}"
EndProject
Project("{2150E333-8FDC-42A3-9474-1A3956D46DE8}") = "Benchmarks", "Benchmarks", "{5CE72C42-F5C5-405B-BE8A-9AFDA7F43CB2}"
	ProjectSection(SolutionItems) = preProject
		Benchmarks\.editorconfig = Benchmarks\.editorconfig
	EndProjectSection
EndProject
Project("{9A19103F-16F7-4668-BE54-9A1E7A4F7556}") = "Serilog.Exceptions.Benchmark", "Benchmarks\Serilog.Exceptions.Benchmark\Serilog.Exceptions.Benchmark.csproj", "{5A82CFFC-EC33-4B7B-A6F6-7FADC0E2DDAA}"
EndProject
Project("{9A19103F-16F7-4668-BE54-9A1E7A4F7556}") = "Serilog.Exceptions.EntityFrameworkCore", "Source\Serilog.Exceptions.EntityFrameworkCore\Serilog.Exceptions.EntityFrameworkCore.csproj", "{69C1004B-627D-4B90-8FAD-4B4069115A56}"
EndProject
Project("{2150E333-8FDC-42A3-9474-1A3956D46DE8}") = "Tools", "Tools", "{8B74D735-C0D8-48BA-8500-7EC6A817610B}"
EndProject
Project("{9A19103F-16F7-4668-BE54-9A1E7A4F7556}") = "ExceptionFinderTool", "Tools\ExceptionFinderTool\ExceptionFinderTool.csproj", "{B6603A53-F254-43ED-9A03-08D95F8F3BAC}"
EndProject
Project("{2150E333-8FDC-42A3-9474-1A3956D46DE8}") = "Images", "Images", "{6C126007-ECA1-4442-9ECA-C5CED430BCB8}"
	ProjectSection(SolutionItems) = preProject
		Images\Banner.png = Images\Banner.png
		Images\Hero.png = Images\Hero.png
		Images\Icon.png = Images\Icon.png
	EndProjectSection
EndProject
Project("{2150E333-8FDC-42A3-9474-1A3956D46DE8}") = "ISSUE_TEMPLATE", "ISSUE_TEMPLATE", "{25698817-D59E-4F85-9B44-59FD50E9ED4B}"
	ProjectSection(SolutionItems) = preProject
		.github\ISSUE_TEMPLATE\BUG_REPORT.yml = .github\ISSUE_TEMPLATE\BUG_REPORT.yml
		.github\ISSUE_TEMPLATE\FEATURE_REQUEST.yml = .github\ISSUE_TEMPLATE\FEATURE_REQUEST.yml
	EndProjectSection
EndProject
Project("{2150E333-8FDC-42A3-9474-1A3956D46DE8}") = ".github", ".github", "{C50E9892-B2DF-43A6-9E00-BA2952933FA4}"
	ProjectSection(SolutionItems) = preProject
		.github\CODE_OF_CONDUCT.md = .github\CODE_OF_CONDUCT.md
		.github\CONTRIBUTING.md = .github\CONTRIBUTING.md
		.github\FUNDING.yml = .github\FUNDING.yml
		.github\PULL_REQUEST_TEMPLATE.md = .github\PULL_REQUEST_TEMPLATE.md
		.github\SECURITY.md = .github\SECURITY.md
	EndProjectSection
EndProject
Project("{2150E333-8FDC-42A3-9474-1A3956D46DE8}") = ".github", ".github", "{2C245036-D7F6-4F7C-9BB6-5AFBCCE480F7}"
	ProjectSection(SolutionItems) = preProject
		.github\release-drafter.yml = .github\release-drafter.yml
	EndProjectSection
EndProject
Project("{2150E333-8FDC-42A3-9474-1A3956D46DE8}") = "workflows", "workflows", "{4F089B23-3121-4935-B24E-7A9A497BD9FE}"
	ProjectSection(SolutionItems) = preProject
		.github\workflows\build.yml = .github\workflows\build.yml
		.github\workflows\codeql-analysis.yml = .github\workflows\codeql-analysis.yml
		.github\workflows\release-drafter.yml = .github\workflows\release-drafter.yml
	EndProjectSection
EndProject
Project("{9A19103F-16F7-4668-BE54-9A1E7A4F7556}") = "Serilog.Exceptions.MsSqlServer", "Source\Serilog.Exceptions.MsSqlServer\Serilog.Exceptions.MsSqlServer.csproj", "{0A21D2AD-024B-4F3D-95F4-BAEFEEE95945}"
EndProject
Project("{9A19103F-16F7-4668-BE54-9A1E7A4F7556}") = "Serilog.Exceptions.Refit", "Source\Serilog.Exceptions.Refit\Serilog.Exceptions.Refit.csproj", "{0EABF22F-F070-4F8D-B165-DD4C4AB62820}"
EndProject
Global
	GlobalSection(SolutionConfigurationPlatforms) = preSolution
		Debug|Any CPU = Debug|Any CPU
		Release|Any CPU = Release|Any CPU
	EndGlobalSection
	GlobalSection(ProjectConfigurationPlatforms) = postSolution
		{D8034654-4A6F-4857-9637-62098FC9267A}.Debug|Any CPU.ActiveCfg = Debug|Any CPU
		{D8034654-4A6F-4857-9637-62098FC9267A}.Debug|Any CPU.Build.0 = Debug|Any CPU
		{D8034654-4A6F-4857-9637-62098FC9267A}.Release|Any CPU.ActiveCfg = Release|Any CPU
		{D8034654-4A6F-4857-9637-62098FC9267A}.Release|Any CPU.Build.0 = Release|Any CPU
		{7C962929-2138-4787-ABA7-94E8D3F9C20C}.Debug|Any CPU.ActiveCfg = Debug|Any CPU
		{7C962929-2138-4787-ABA7-94E8D3F9C20C}.Debug|Any CPU.Build.0 = Debug|Any CPU
		{7C962929-2138-4787-ABA7-94E8D3F9C20C}.Release|Any CPU.ActiveCfg = Release|Any CPU
		{7C962929-2138-4787-ABA7-94E8D3F9C20C}.Release|Any CPU.Build.0 = Release|Any CPU
		{F5BBB5C1-5920-40F3-8C44-01A54CC3D6B7}.Debug|Any CPU.ActiveCfg = Debug|Any CPU
		{F5BBB5C1-5920-40F3-8C44-01A54CC3D6B7}.Debug|Any CPU.Build.0 = Debug|Any CPU
		{F5BBB5C1-5920-40F3-8C44-01A54CC3D6B7}.Release|Any CPU.ActiveCfg = Release|Any CPU
		{F5BBB5C1-5920-40F3-8C44-01A54CC3D6B7}.Release|Any CPU.Build.0 = Release|Any CPU
		{5A82CFFC-EC33-4B7B-A6F6-7FADC0E2DDAA}.Debug|Any CPU.ActiveCfg = Debug|Any CPU
		{5A82CFFC-EC33-4B7B-A6F6-7FADC0E2DDAA}.Debug|Any CPU.Build.0 = Debug|Any CPU
		{5A82CFFC-EC33-4B7B-A6F6-7FADC0E2DDAA}.Release|Any CPU.ActiveCfg = Release|Any CPU
		{5A82CFFC-EC33-4B7B-A6F6-7FADC0E2DDAA}.Release|Any CPU.Build.0 = Release|Any CPU
		{69C1004B-627D-4B90-8FAD-4B4069115A56}.Debug|Any CPU.ActiveCfg = Debug|Any CPU
		{69C1004B-627D-4B90-8FAD-4B4069115A56}.Debug|Any CPU.Build.0 = Debug|Any CPU
		{69C1004B-627D-4B90-8FAD-4B4069115A56}.Release|Any CPU.ActiveCfg = Release|Any CPU
		{69C1004B-627D-4B90-8FAD-4B4069115A56}.Release|Any CPU.Build.0 = Release|Any CPU
		{B6603A53-F254-43ED-9A03-08D95F8F3BAC}.Debug|Any CPU.ActiveCfg = Debug|Any CPU
		{B6603A53-F254-43ED-9A03-08D95F8F3BAC}.Debug|Any CPU.Build.0 = Debug|Any CPU
		{B6603A53-F254-43ED-9A03-08D95F8F3BAC}.Release|Any CPU.ActiveCfg = Release|Any CPU
		{B6603A53-F254-43ED-9A03-08D95F8F3BAC}.Release|Any CPU.Build.0 = Release|Any CPU
		{0A21D2AD-024B-4F3D-95F4-BAEFEEE95945}.Debug|Any CPU.ActiveCfg = Debug|Any CPU
		{0A21D2AD-024B-4F3D-95F4-BAEFEEE95945}.Debug|Any CPU.Build.0 = Debug|Any CPU
		{0A21D2AD-024B-4F3D-95F4-BAEFEEE95945}.Release|Any CPU.ActiveCfg = Release|Any CPU
		{0A21D2AD-024B-4F3D-95F4-BAEFEEE95945}.Release|Any CPU.Build.0 = Release|Any CPU
		{0EABF22F-F070-4F8D-B165-DD4C4AB62820}.Debug|Any CPU.ActiveCfg = Debug|Any CPU
		{0EABF22F-F070-4F8D-B165-DD4C4AB62820}.Debug|Any CPU.Build.0 = Debug|Any CPU
		{0EABF22F-F070-4F8D-B165-DD4C4AB62820}.Release|Any CPU.ActiveCfg = Release|Any CPU
		{0EABF22F-F070-4F8D-B165-DD4C4AB62820}.Release|Any CPU.Build.0 = Release|Any CPU
	EndGlobalSection
	GlobalSection(SolutionProperties) = preSolution
		HideSolutionNode = FALSE
	EndGlobalSection
	GlobalSection(NestedProjects) = preSolution
		{D8034654-4A6F-4857-9637-62098FC9267A} = {C5508012-7216-4ABE-AB2F-B166ED5FF94F}
		{7C962929-2138-4787-ABA7-94E8D3F9C20C} = {D6E871A8-2DFF-4676-BED8-046B164919B9}
		{F5BBB5C1-5920-40F3-8C44-01A54CC3D6B7} = {C5508012-7216-4ABE-AB2F-B166ED5FF94F}
		{5A82CFFC-EC33-4B7B-A6F6-7FADC0E2DDAA} = {5CE72C42-F5C5-405B-BE8A-9AFDA7F43CB2}
		{69C1004B-627D-4B90-8FAD-4B4069115A56} = {C5508012-7216-4ABE-AB2F-B166ED5FF94F}
		{B6603A53-F254-43ED-9A03-08D95F8F3BAC} = {8B74D735-C0D8-48BA-8500-7EC6A817610B}
		{25698817-D59E-4F85-9B44-59FD50E9ED4B} = {C50E9892-B2DF-43A6-9E00-BA2952933FA4}
		{C50E9892-B2DF-43A6-9E00-BA2952933FA4} = {D2CAFFAF-CBF6-493A-AA61-4916FE7D586C}
		{2C245036-D7F6-4F7C-9BB6-5AFBCCE480F7} = {76FBEEA2-0F88-487E-99C3-5D865CBE79B6}
		{4F089B23-3121-4935-B24E-7A9A497BD9FE} = {2C245036-D7F6-4F7C-9BB6-5AFBCCE480F7}
		{0A21D2AD-024B-4F3D-95F4-BAEFEEE95945} = {C5508012-7216-4ABE-AB2F-B166ED5FF94F}
		{0EABF22F-F070-4F8D-B165-DD4C4AB62820} = {C5508012-7216-4ABE-AB2F-B166ED5FF94F}
	EndGlobalSection
	GlobalSection(ExtensibilityGlobals) = postSolution
		SolutionGuid = {BE74AFAC-AC6F-4B80-860F-15C22BEE1A38}
	EndGlobalSection
	GlobalSection(Performance) = preSolution
		HasPerformanceSessions = true
	EndGlobalSection
EndGlobal
