
Microsoft Visual Studio Solution File, Format Version 12.00
# Visual Studio 14
VisualStudioVersion = 14.0.25420.1
MinimumVisualStudioVersion = 10.0.40219.1
Project("{2150E333-8FDC-42A3-9474-1A3956D46DE8}") = "Solution Items", "Solution Items", "{76FBEEA2-0F88-487E-99C3-5D865CBE79B6}"
	ProjectSection(SolutionItems) = preProject
		..\.gitignore = ..\.gitignore
		..\appveyor.yml = ..\appveyor.yml
		Build.ps1 = Build.ps1
		global.json = global.json
		..\LICENSE = ..\LICENSE
		..\README.md = ..\README.md
	EndProjectSection
EndProject
Project("{8BB2217D-0F2D-49D1-97BC-3654ED321F3B}") = "Serilog.Exceptions", "Serilog.Exceptions\Serilog.Exceptions.xproj", "{D8034654-4A6F-4857-9637-62098FC9267A}"
EndProject
Project("{8BB2217D-0F2D-49D1-97BC-3654ED321F3B}") = "ExceptionFinderTool", "ExceptionFinderTool\ExceptionFinderTool.xproj", "{4797AFC9-49E5-4FD5-AEDC-DA954D599507}"
EndProject
Project("{2150E333-8FDC-42A3-9474-1A3956D46DE8}") = "Source", "Source", "{C5508012-7216-4ABE-AB2F-B166ED5FF94F}"
EndProject
Project("{2150E333-8FDC-42A3-9474-1A3956D46DE8}") = "Tests", "Tests", "{D6E871A8-2DFF-4676-BED8-046B164919B9}"
EndProject
Project("{8BB2217D-0F2D-49D1-97BC-3654ED321F3B}") = "Serilog.Exceptions.Test", "Serilog.Exceptions.Test\Serilog.Exceptions.Test.xproj", "{7C962929-2138-4787-ABA7-94E8D3F9C20C}"
EndProject
Global
	GlobalSection(SolutionConfigurationPlatforms) = preSolution
		Debug|Any CPU = Debug|Any CPU
		Release|Any CPU = Release|Any CPU
	EndGlobalSection
	GlobalSection(ProjectConfigurationPlatforms) = postSolution
		{D8034654-4A6F-4857-9637-62098FC9267A}.Debug|Any CPU.ActiveCfg = Debug|Any CPU
		{D8034654-4A6F-4857-9637-62098FC9267A}.Debug|Any CPU.Build.0 = Debug|Any CPU
		{D8034654-4A6F-4857-9637-62098FC9267A}.Release|Any CPU.ActiveCfg = Release|Any CPU
		{D8034654-4A6F-4857-9637-62098FC9267A}.Release|Any CPU.Build.0 = Release|Any CPU
		{4797AFC9-49E5-4FD5-AEDC-DA954D599507}.Debug|Any CPU.ActiveCfg = Debug|Any CPU
		{4797AFC9-49E5-4FD5-AEDC-DA954D599507}.Debug|Any CPU.Build.0 = Debug|Any CPU
		{4797AFC9-49E5-4FD5-AEDC-DA954D599507}.Release|Any CPU.ActiveCfg = Release|Any CPU
		{4797AFC9-49E5-4FD5-AEDC-DA954D599507}.Release|Any CPU.Build.0 = Release|Any CPU
		{7C962929-2138-4787-ABA7-94E8D3F9C20C}.Debug|Any CPU.ActiveCfg = Debug|Any CPU
		{7C962929-2138-4787-ABA7-94E8D3F9C20C}.Debug|Any CPU.Build.0 = Debug|Any CPU
		{7C962929-2138-4787-ABA7-94E8D3F9C20C}.Release|Any CPU.ActiveCfg = Release|Any CPU
		{7C962929-2138-4787-ABA7-94E8D3F9C20C}.Release|Any CPU.Build.0 = Release|Any CPU
	EndGlobalSection
	GlobalSection(SolutionProperties) = preSolution
		HideSolutionNode = FALSE
	EndGlobalSection
	GlobalSection(NestedProjects) = preSolution
		{D8034654-4A6F-4857-9637-62098FC9267A} = {C5508012-7216-4ABE-AB2F-B166ED5FF94F}
		{4797AFC9-49E5-4FD5-AEDC-DA954D599507} = {C5508012-7216-4ABE-AB2F-B166ED5FF94F}
		{7C962929-2138-4787-ABA7-94E8D3F9C20C} = {D6E871A8-2DFF-4676-BED8-046B164919B9}
	EndGlobalSection
EndGlobal
